{
  "name": "mylabview",
  "version": "1.0.0",
  "lockfileVersion": 1,
  "requires": true,
  "dependencies": {
    "winax": {
      "version": "1.14.0",
      "resolved": "https://registry.npmjs.org/winax/-/winax-1.14.0.tgz",
      "integrity": "sha512-FbhkyZ9FIdye9wr5kfoMhO48WvnCwMaujh6ljjZm7L3acEiV3sVY9clbiW/MNGYtobSRnmbKFf80TVFznpIycw=="
    }
  }
}
